
Microsoft Visual Studio Solution File, Format Version 12.00
Project("{FAE04EC0-301F-11D3-BF4B-00C04F79EFBC}") = "CS322-DZ15-3860-JovanVujovic", "CS322-DZ15-3860-JovanVujovic.csproj", "{F20EE108-4E04-4AC0-9ED4-1F1863BD0FDC}"
EndProject
Global
	GlobalSection(SolutionConfigurationPlatforms) = preSolution
		Debug|Any CPU = Debug|Any CPU
		Release|Any CPU = Release|Any CPU
	EndGlobalSection
	GlobalSection(ProjectConfigurationPlatforms) = postSolution
		{F20EE108-4E04-4AC0-9ED4-1F1863BD0FDC}.Debug|Any CPU.ActiveCfg = Debug|Any CPU
		{F20EE108-4E04-4AC0-9ED4-1F1863BD0FDC}.Debug|Any CPU.Build.0 = Debug|Any CPU
		{F20EE108-4E04-4AC0-9ED4-1F1863BD0FDC}.Release|Any CPU.ActiveCfg = Release|Any CPU
		{F20EE108-4E04-4AC0-9ED4-1F1863BD0FDC}.Release|Any CPU.Build.0 = Release|Any CPU
	EndGlobalSection
EndGlobal
