
Microsoft Visual Studio Solution File, Format Version 12.00
Project("{FAE04EC0-301F-11D3-BF4B-00C04F79EFBC}") = "CS322-DZ05-3860-JovanVujovic", "CS322-DZ05-3860-JovanVujovic\CS322-DZ05-3860-JovanVujovic.csproj", "{43F462C3-BF1F-4B2F-B42E-70A2B8469C66}"
EndProject
Global
	GlobalSection(SolutionConfigurationPlatforms) = preSolution
		Debug|Any CPU = Debug|Any CPU
		Release|Any CPU = Release|Any CPU
	EndGlobalSection
	GlobalSection(ProjectConfigurationPlatforms) = postSolution
		{43F462C3-BF1F-4B2F-B42E-70A2B8469C66}.Debug|Any CPU.ActiveCfg = Debug|Any CPU
		{43F462C3-BF1F-4B2F-B42E-70A2B8469C66}.Debug|Any CPU.Build.0 = Debug|Any CPU
		{43F462C3-BF1F-4B2F-B42E-70A2B8469C66}.Release|Any CPU.ActiveCfg = Release|Any CPU
		{43F462C3-BF1F-4B2F-B42E-70A2B8469C66}.Release|Any CPU.Build.0 = Release|Any CPU
	EndGlobalSection
EndGlobal
