
Microsoft Visual Studio Solution File, Format Version 12.00
Project("{FAE04EC0-301F-11D3-BF4B-00C04F79EFBC}") = "CS322-DZ03-3860-JovanVujovic", "CS322-DZ03-3860-JovanVujovic\CS322-DZ03-3860-JovanVujovic.csproj", "{D2738D92-5D2B-468B-8E31-E90A33340A3B}"
EndProject
Global
	GlobalSection(SolutionConfigurationPlatforms) = preSolution
		Debug|Any CPU = Debug|Any CPU
		Release|Any CPU = Release|Any CPU
	EndGlobalSection
	GlobalSection(ProjectConfigurationPlatforms) = postSolution
		{D2738D92-5D2B-468B-8E31-E90A33340A3B}.Debug|Any CPU.ActiveCfg = Debug|Any CPU
		{D2738D92-5D2B-468B-8E31-E90A33340A3B}.Debug|Any CPU.Build.0 = Debug|Any CPU
		{D2738D92-5D2B-468B-8E31-E90A33340A3B}.Release|Any CPU.ActiveCfg = Release|Any CPU
		{D2738D92-5D2B-468B-8E31-E90A33340A3B}.Release|Any CPU.Build.0 = Release|Any CPU
	EndGlobalSection
EndGlobal
